
Microsoft Visual Studio Solution File, Format Version 12.00
# Visual Studio Version 17
VisualStudioVersion = 17.8.34525.116
MinimumVisualStudioVersion = 10.0.40219.1
Project("{FAE04EC0-301F-11D3-BF4B-00C04F79EFBC}") = "ConsoleExercicio2", "ConsoleExercicio2\ConsoleExercicio2.csproj", "{DD35191C-E568-44EA-9DB3-7664FFCD94CF}"
EndProject
Global
	GlobalSection(SolutionConfigurationPlatforms) = preSolution
		Debug|Any CPU = Debug|Any CPU
		Release|Any CPU = Release|Any CPU
	EndGlobalSection
	GlobalSection(ProjectConfigurationPlatforms) = postSolution
		{DD35191C-E568-44EA-9DB3-7664FFCD94CF}.Debug|Any CPU.ActiveCfg = Debug|Any CPU
		{DD35191C-E568-44EA-9DB3-7664FFCD94CF}.Debug|Any CPU.Build.0 = Debug|Any CPU
		{DD35191C-E568-44EA-9DB3-7664FFCD94CF}.Release|Any CPU.ActiveCfg = Release|Any CPU
		{DD35191C-E568-44EA-9DB3-7664FFCD94CF}.Release|Any CPU.Build.0 = Release|Any CPU
	EndGlobalSection
	GlobalSection(SolutionProperties) = preSolution
		HideSolutionNode = FALSE
	EndGlobalSection
	GlobalSection(ExtensibilityGlobals) = postSolution
		SolutionGuid = {98CC781F-4463-431B-B4BD-EA23E0B95948}
	EndGlobalSection
EndGlobal
